Microsoft Visual Studio Solution File, Format Version 11.00
# Visual Studio 2008

Project("{A6261988-B6C7-2673-EDAD-CC07D1CB2843}") = "kopter", "Assembly-CSharp.csproj", "{5940F38F-15E1-A7D2-B629-16E644C11324}"
EndProject
Project("{A6261988-B6C7-2673-EDAD-CC07D1CB2843}") = "kopter", "Assembly-CSharp-Editor.csproj", "{A18A800A-39BD-3C84-B04B-AB85A2951437}"
EndProject
Global
	GlobalSection(SolutionConfigurationPlatforms) = preSolution
		Debug|Any CPU = Debug|Any CPU
		Release|Any CPU = Release|Any CPU
	EndGlobalSection
	GlobalSection(ProjectConfigurationPlatforms) = postSolution
		{5940F38F-15E1-A7D2-B629-16E644C11324}.Debug|Any CPU.ActiveCfg = Debug|Any CPU
		{5940F38F-15E1-A7D2-B629-16E644C11324}.Debug|Any CPU.Build.0 = Debug|Any CPU
		{5940F38F-15E1-A7D2-B629-16E644C11324}.Release|Any CPU.ActiveCfg = Release|Any CPU
		{5940F38F-15E1-A7D2-B629-16E644C11324}.Release|Any CPU.Build.0 = Release|Any CPU
		{A18A800A-39BD-3C84-B04B-AB85A2951437}.Debug|Any CPU.ActiveCfg = Debug|Any CPU
		{A18A800A-39BD-3C84-B04B-AB85A2951437}.Debug|Any CPU.Build.0 = Debug|Any CPU
		{A18A800A-39BD-3C84-B04B-AB85A2951437}.Release|Any CPU.ActiveCfg = Release|Any CPU
		{A18A800A-39BD-3C84-B04B-AB85A2951437}.Release|Any CPU.Build.0 = Release|Any CPU
	EndGlobalSection
	GlobalSection(SolutionProperties) = preSolution
		HideSolutionNode = FALSE
	EndGlobalSection
	GlobalSection(MonoDevelopProperties) = preSolution
		StartupItem = Assembly-CSharp.csproj
	EndGlobalSection
EndGlobal
