Microsoft Visual Studio Solution File, Format Version 11.00
# Visual Studio 2008

Project("{52244BE5-B0E2-EB0C-D443-2FEE6F9FB64F}") = "unity3d-kopter", "Assembly-CSharp-firstpass.csproj", "{EBB5607A-6462-CE75-639E-E3DA8A501C22}"
EndProject
Project("{52244BE5-B0E2-EB0C-D443-2FEE6F9FB64F}") = "unity3d-kopter", "Assembly-CSharp.csproj", "{77AF295E-5F3C-9F10-5FC0-272402F719F1}"
EndProject
Project("{52244BE5-B0E2-EB0C-D443-2FEE6F9FB64F}") = "unity3d-kopter", "Assembly-CSharp-Editor.csproj", "{F63FD650-FF4E-2356-F60C-5C93AE4F024C}"
EndProject
Global
	GlobalSection(SolutionConfigurationPlatforms) = preSolution
		Debug|Any CPU = Debug|Any CPU
		Release|Any CPU = Release|Any CPU
	EndGlobalSection
	GlobalSection(ProjectConfigurationPlatforms) = postSolution
		{EBB5607A-6462-CE75-639E-E3DA8A501C22}.Debug|Any CPU.ActiveCfg = Debug|Any CPU
		{EBB5607A-6462-CE75-639E-E3DA8A501C22}.Debug|Any CPU.Build.0 = Debug|Any CPU
		{EBB5607A-6462-CE75-639E-E3DA8A501C22}.Release|Any CPU.ActiveCfg = Release|Any CPU
		{EBB5607A-6462-CE75-639E-E3DA8A501C22}.Release|Any CPU.Build.0 = Release|Any CPU
		{77AF295E-5F3C-9F10-5FC0-272402F719F1}.Debug|Any CPU.ActiveCfg = Debug|Any CPU
		{77AF295E-5F3C-9F10-5FC0-272402F719F1}.Debug|Any CPU.Build.0 = Debug|Any CPU
		{77AF295E-5F3C-9F10-5FC0-272402F719F1}.Release|Any CPU.ActiveCfg = Release|Any CPU
		{77AF295E-5F3C-9F10-5FC0-272402F719F1}.Release|Any CPU.Build.0 = Release|Any CPU
		{F63FD650-FF4E-2356-F60C-5C93AE4F024C}.Debug|Any CPU.ActiveCfg = Debug|Any CPU
		{F63FD650-FF4E-2356-F60C-5C93AE4F024C}.Debug|Any CPU.Build.0 = Debug|Any CPU
		{F63FD650-FF4E-2356-F60C-5C93AE4F024C}.Release|Any CPU.ActiveCfg = Release|Any CPU
		{F63FD650-FF4E-2356-F60C-5C93AE4F024C}.Release|Any CPU.Build.0 = Release|Any CPU
	EndGlobalSection
	GlobalSection(SolutionProperties) = preSolution
		HideSolutionNode = FALSE
	EndGlobalSection
																						GlobalSection(MonoDevelopProperties) = preSolution
		StartupItem = Assembly-CSharp.csproj
		Policies = $0
		$0.TextStylePolicy = $1
		$1.inheritsSet = null
		$1.scope = text/x-csharp
		$0.CSharpFormattingPolicy = $2
		$2.inheritsSet = Mono
		$2.inheritsScope = text/x-csharp
		$2.scope = text/x-csharp
		$0.TextStylePolicy = $3
		$3.FileWidth = 120
		$3.TabWidth = 4
		$3.EolMarker = Unix
		$3.inheritsSet = Mono
		$3.inheritsScope = text/plain
		$3.scope = text/plain
	EndGlobalSection

EndGlobal
